
Microsoft Visual Studio Solution File, Format Version 12.00
# Visual Studio Version 17
VisualStudioVersion = 17.9.34607.119
MinimumVisualStudioVersion = 10.0.40219.1
Project("{FAE04EC0-301F-11D3-BF4B-00C04F79EFBC}") = "Lab4S1", "Lab4S1\Lab4S1.csproj", "{F32FBDF4-A28E-4109-9DE3-89F6F4D2AA0B}"
EndProject
Global
	GlobalSection(SolutionConfigurationPlatforms) = preSolution
		Debug|Any CPU = Debug|Any CPU
		Release|Any CPU = Release|Any CPU
	EndGlobalSection
	GlobalSection(ProjectConfigurationPlatforms) = postSolution
		{F32FBDF4-A28E-4109-9DE3-89F6F4D2AA0B}.Debug|Any CPU.ActiveCfg = Debug|Any CPU
		{F32FBDF4-A28E-4109-9DE3-89F6F4D2AA0B}.Debug|Any CPU.Build.0 = Debug|Any CPU
		{F32FBDF4-A28E-4109-9DE3-89F6F4D2AA0B}.Release|Any CPU.ActiveCfg = Release|Any CPU
		{F32FBDF4-A28E-4109-9DE3-89F6F4D2AA0B}.Release|Any CPU.Build.0 = Release|Any CPU
	EndGlobalSection
	GlobalSection(SolutionProperties) = preSolution
		HideSolutionNode = FALSE
	EndGlobalSection
	GlobalSection(ExtensibilityGlobals) = postSolution
		SolutionGuid = {BEABC214-2319-45F4-8B85-7EF2210CC774}
	EndGlobalSection
EndGlobal
