
Microsoft Visual Studio Solution File, Format Version 12.00
# Visual Studio Version 17
VisualStudioVersion = 17.9.34607.119
MinimumVisualStudioVersion = 10.0.40219.1
Project("{FAE04EC0-301F-11D3-BF4B-00C04F79EFBC}") = "Lab4Ex1", "Lab4Ex1\Lab4Ex1.csproj", "{E45EE1EF-E8F4-4305-AA15-BD52BE791575}"
EndProject
Global
	GlobalSection(SolutionConfigurationPlatforms) = preSolution
		Debug|Any CPU = Debug|Any CPU
		Release|Any CPU = Release|Any CPU
	EndGlobalSection
	GlobalSection(ProjectConfigurationPlatforms) = postSolution
		{E45EE1EF-E8F4-4305-AA15-BD52BE791575}.Debug|Any CPU.ActiveCfg = Debug|Any CPU
		{E45EE1EF-E8F4-4305-AA15-BD52BE791575}.Debug|Any CPU.Build.0 = Debug|Any CPU
		{E45EE1EF-E8F4-4305-AA15-BD52BE791575}.Release|Any CPU.ActiveCfg = Release|Any CPU
		{E45EE1EF-E8F4-4305-AA15-BD52BE791575}.Release|Any CPU.Build.0 = Release|Any CPU
	EndGlobalSection
	GlobalSection(SolutionProperties) = preSolution
		HideSolutionNode = FALSE
	EndGlobalSection
	GlobalSection(ExtensibilityGlobals) = postSolution
		SolutionGuid = {668AB4A4-9278-42E3-B724-74EE49A06A3F}
	EndGlobalSection
EndGlobal
